
Microsoft Visual Studio Solution File, Format Version 12.00
# Visual Studio 15
VisualStudioVersion = 15.0.28307.136
MinimumVisualStudioVersion = 10.0.40219.1
Project("{FAE04EC0-301F-11D3-BF4B-00C04F79EFBC}") = "login", "Login\login.csproj", "{A36FB8D1-7A7F-4355-AC1E-C324F7D1C9FB}"
EndProject
Project("{FAE04EC0-301F-11D3-BF4B-00C04F79EFBC}") = "DB", "..\DB\DB\DB.csproj", "{764BE4F0-31E4-48B5-9419-47C3D20F541C}"
EndProject
Project("{FAE04EC0-301F-11D3-BF4B-00C04F79EFBC}") = "Custom", "Custom\Custom.csproj", "{79E7C88E-6C76-4413-8A60-809259B83375}"
EndProject
Global
	GlobalSection(SolutionConfigurationPlatforms) = preSolution
		Debug|Any CPU = Debug|Any CPU
		Release|Any CPU = Release|Any CPU
	EndGlobalSection
	GlobalSection(ProjectConfigurationPlatforms) = postSolution
		{A36FB8D1-7A7F-4355-AC1E-C324F7D1C9FB}.Debug|Any CPU.ActiveCfg = Debug|Any CPU
		{A36FB8D1-7A7F-4355-AC1E-C324F7D1C9FB}.Debug|Any CPU.Build.0 = Debug|Any CPU
		{A36FB8D1-7A7F-4355-AC1E-C324F7D1C9FB}.Release|Any CPU.ActiveCfg = Release|Any CPU
		{A36FB8D1-7A7F-4355-AC1E-C324F7D1C9FB}.Release|Any CPU.Build.0 = Release|Any CPU
		{764BE4F0-31E4-48B5-9419-47C3D20F541C}.Debug|Any CPU.ActiveCfg = Debug|Any CPU
		{764BE4F0-31E4-48B5-9419-47C3D20F541C}.Debug|Any CPU.Build.0 = Debug|Any CPU
		{764BE4F0-31E4-48B5-9419-47C3D20F541C}.Release|Any CPU.ActiveCfg = Release|Any CPU
		{764BE4F0-31E4-48B5-9419-47C3D20F541C}.Release|Any CPU.Build.0 = Release|Any CPU
		{79E7C88E-6C76-4413-8A60-809259B83375}.Debug|Any CPU.ActiveCfg = Debug|Any CPU
		{79E7C88E-6C76-4413-8A60-809259B83375}.Debug|Any CPU.Build.0 = Debug|Any CPU
		{79E7C88E-6C76-4413-8A60-809259B83375}.Release|Any CPU.ActiveCfg = Release|Any CPU
		{79E7C88E-6C76-4413-8A60-809259B83375}.Release|Any CPU.Build.0 = Release|Any CPU
	EndGlobalSection
	GlobalSection(SolutionProperties) = preSolution
		HideSolutionNode = FALSE
	EndGlobalSection
	GlobalSection(ExtensibilityGlobals) = postSolution
		SolutionGuid = {87A2E8B6-A964-4E49-A8AC-4A459376CE7B}
	EndGlobalSection
EndGlobal
