
Microsoft Visual Studio Solution File, Format Version 12.00
# Visual Studio Version 16
VisualStudioVersion = 16.0.28922.388
MinimumVisualStudioVersion = 10.0.40219.1
Project("{FAE04EC0-301F-11D3-BF4B-00C04F79EFBC}") = "Server", "Server\Server.csproj", "{0DA10BB2-6526-488C-A058-7CCC2AEFE488}"
EndProject
Project("{FAE04EC0-301F-11D3-BF4B-00C04F79EFBC}") = "DB", "..\DB\DB\DB.csproj", "{764BE4F0-31E4-48B5-9419-47C3D20F541C}"
EndProject
Global
	GlobalSection(SolutionConfigurationPlatforms) = preSolution
		Debug|Any CPU = Debug|Any CPU
		Release|Any CPU = Release|Any CPU
	EndGlobalSection
	GlobalSection(ProjectConfigurationPlatforms) = postSolution
		{0DA10BB2-6526-488C-A058-7CCC2AEFE488}.Debug|Any CPU.ActiveCfg = Debug|Any CPU
		{0DA10BB2-6526-488C-A058-7CCC2AEFE488}.Debug|Any CPU.Build.0 = Debug|Any CPU
		{0DA10BB2-6526-488C-A058-7CCC2AEFE488}.Release|Any CPU.ActiveCfg = Release|Any CPU
		{0DA10BB2-6526-488C-A058-7CCC2AEFE488}.Release|Any CPU.Build.0 = Release|Any CPU
		{764BE4F0-31E4-48B5-9419-47C3D20F541C}.Debug|Any CPU.ActiveCfg = Debug|Any CPU
		{764BE4F0-31E4-48B5-9419-47C3D20F541C}.Debug|Any CPU.Build.0 = Debug|Any CPU
		{764BE4F0-31E4-48B5-9419-47C3D20F541C}.Release|Any CPU.ActiveCfg = Release|Any CPU
		{764BE4F0-31E4-48B5-9419-47C3D20F541C}.Release|Any CPU.Build.0 = Release|Any CPU
	EndGlobalSection
	GlobalSection(SolutionProperties) = preSolution
		HideSolutionNode = FALSE
	EndGlobalSection
	GlobalSection(ExtensibilityGlobals) = postSolution
		SolutionGuid = {6B486907-FF2A-4208-97D7-34B4AC78A750}
	EndGlobalSection
EndGlobal
